
Microsoft Visual Studio Solution File, Format Version 12.00
# Visual Studio 16
Project("{FAE04EC0-301F-11D3-BF4B-00C04F79EFBC}") = "Assembly-CSharp", "Assembly-CSharp.csproj", "{13CFBEE3-E7CA-5067-8B34-1577F2ED45AD}"
EndProject
Project("{FAE04EC0-301F-11D3-BF4B-00C04F79EFBC}") = "Assembly-CSharp-Editor", "Assembly-CSharp-Editor.csproj", "{84B3AB8A-65C3-156D-9977-7AA50FDF48F7}"
EndProject
Global
	GlobalSection(SolutionConfigurationPlatforms) = preSolution
		Debug|Any CPU = Debug|Any CPU
		Release|Any CPU = Release|Any CPU
	EndGlobalSection
	GlobalSection(ProjectConfigurationPlatforms) = postSolution
		{13CFBEE3-E7CA-5067-8B34-1577F2ED45AD}.Debug|Any CPU.ActiveCfg = Debug|Any CPU
		{13CFBEE3-E7CA-5067-8B34-1577F2ED45AD}.Debug|Any CPU.Build.0 = Debug|Any CPU
		{13CFBEE3-E7CA-5067-8B34-1577F2ED45AD}.Release|Any CPU.ActiveCfg = Release|Any CPU
		{13CFBEE3-E7CA-5067-8B34-1577F2ED45AD}.Release|Any CPU.Build.0 = Release|Any CPU
		{84B3AB8A-65C3-156D-9977-7AA50FDF48F7}.Debug|Any CPU.ActiveCfg = Debug|Any CPU
		{84B3AB8A-65C3-156D-9977-7AA50FDF48F7}.Debug|Any CPU.Build.0 = Debug|Any CPU
		{84B3AB8A-65C3-156D-9977-7AA50FDF48F7}.Release|Any CPU.ActiveCfg = Release|Any CPU
		{84B3AB8A-65C3-156D-9977-7AA50FDF48F7}.Release|Any CPU.Build.0 = Release|Any CPU
	EndGlobalSection
	GlobalSection(SolutionProperties) = preSolution
		HideSolutionNode = FALSE
	EndGlobalSection
EndGlobal
